
Microsoft Visual Studio Solution File, Format Version 12.00
# Visual Studio Version 17
VisualStudioVersion = 17.4.33122.133
MinimumVisualStudioVersion = 10.0.40219.1
Project("{FAE04EC0-301F-11D3-BF4B-00C04F79EFBC}") = "Day01", "Day01\Day01.csproj", "{4C3C5240-F0FF-40B6-A283-01F0A2153B92}"
EndProject
Global
	GlobalSection(SolutionConfigurationPlatforms) = preSolution
		Debug|Any CPU = Debug|Any CPU
		Release|Any CPU = Release|Any CPU
	EndGlobalSection
	GlobalSection(ProjectConfigurationPlatforms) = postSolution
		{4C3C5240-F0FF-40B6-A283-01F0A2153B92}.Debug|Any CPU.ActiveCfg = Debug|Any CPU
		{4C3C5240-F0FF-40B6-A283-01F0A2153B92}.Debug|Any CPU.Build.0 = Debug|Any CPU
		{4C3C5240-F0FF-40B6-A283-01F0A2153B92}.Release|Any CPU.ActiveCfg = Release|Any CPU
		{4C3C5240-F0FF-40B6-A283-01F0A2153B92}.Release|Any CPU.Build.0 = Release|Any CPU
	EndGlobalSection
	GlobalSection(SolutionProperties) = preSolution
		HideSolutionNode = FALSE
	EndGlobalSection
	GlobalSection(ExtensibilityGlobals) = postSolution
		SolutionGuid = {DCF2E809-FAB4-4954-BDBC-54F4EBC5D41B}
	EndGlobalSection
EndGlobal
