
Microsoft Visual Studio Solution File, Format Version 12.00
# Visual Studio Version 17
VisualStudioVersion = 17.4.33122.133
MinimumVisualStudioVersion = 10.0.40219.1
Project("{FAE04EC0-301F-11D3-BF4B-00C04F79EFBC}") = "Day01", "Day01\Day01.csproj", "{4C3C5240-F0FF-40B6-A283-01F0A2153B92}"
EndProject
Project("{FAE04EC0-301F-11D3-BF4B-00C04F79EFBC}") = "Day02", "Day02\Day02.csproj", "{35B4342C-C177-4904-9559-F60FED3CFEB4}"
EndProject
Project("{FAE04EC0-301F-11D3-BF4B-00C04F79EFBC}") = "Day03", "Day03\Day03.csproj", "{4E6222B9-D75B-48A6-A4BA-565AF40AD9F8}"
EndProject
Project("{FAE04EC0-301F-11D3-BF4B-00C04F79EFBC}") = "Day04", "Day04\Day04.csproj", "{919B2B7C-1E50-4F20-A445-A09188A98E87}"
EndProject
Project("{FAE04EC0-301F-11D3-BF4B-00C04F79EFBC}") = "Day05", "Day05\Day05.csproj", "{9199770C-3F32-4767-9B27-EDA3F63D635E}"
EndProject
Project("{FAE04EC0-301F-11D3-BF4B-00C04F79EFBC}") = "Day06", "Day06\Day06.csproj", "{0F995674-7192-46A3-9468-F9DE00916AEC}"
EndProject
Project("{FAE04EC0-301F-11D3-BF4B-00C04F79EFBC}") = "Day07", "Day07\Day07.csproj", "{F3D5D874-ED54-4A42-955D-5EC8946DE3E9}"
EndProject
Project("{FAE04EC0-301F-11D3-BF4B-00C04F79EFBC}") = "Day08", "Day08\Day08.csproj", "{EAB51E40-4005-428D-923D-1F6B65C4CE16}"
EndProject
Project("{FAE04EC0-301F-11D3-BF4B-00C04F79EFBC}") = "Day09", "Day09\Day09.csproj", "{76CCF983-AE92-4C95-AFFE-DED8C6C53D72}"
EndProject
Project("{FAE04EC0-301F-11D3-BF4B-00C04F79EFBC}") = "Day10", "Day10\Day10.csproj", "{0760C5E6-17E1-415E-9A8F-4B8FED8E3A59}"
EndProject
Project("{FAE04EC0-301F-11D3-BF4B-00C04F79EFBC}") = "Day11", "Day11\Day11.csproj", "{B0BB9C9D-C4EE-4755-B5E0-AAE796EFA30A}"
EndProject
Project("{FAE04EC0-301F-11D3-BF4B-00C04F79EFBC}") = "Day12", "Day12\Day12.csproj", "{F92BFB66-850E-4D5C-BB0E-0BF09F6F5C1F}"
EndProject
Project("{FAE04EC0-301F-11D3-BF4B-00C04F79EFBC}") = "Day13", "Day13\Day13.csproj", "{50C775BC-E02E-4548-9C49-497ACA47E0A8}"
EndProject
Project("{FAE04EC0-301F-11D3-BF4B-00C04F79EFBC}") = "Day14", "Day14\Day14.csproj", "{9476513A-301A-4A0F-90E7-752898640612}"
EndProject
Project("{FAE04EC0-301F-11D3-BF4B-00C04F79EFBC}") = "Day15", "Day15\Day15.csproj", "{DDA444C5-9BCF-4D41-9DCA-92AA7D0B0B8A}"
EndProject
Project("{FAE04EC0-301F-11D3-BF4B-00C04F79EFBC}") = "Day16", "Day16\Day16.csproj", "{42C2F9AA-1395-4BFD-AF1D-3C441AC0342E}"
EndProject
Project("{FAE04EC0-301F-11D3-BF4B-00C04F79EFBC}") = "Day17", "Day17\Day17.csproj", "{21EBEE33-212E-44C7-9B21-9EFDD84C6327}"
EndProject
Project("{FAE04EC0-301F-11D3-BF4B-00C04F79EFBC}") = "Day18", "Day18\Day18.csproj", "{E097C368-CF2F-4B7E-BA31-99D059F081D7}"
EndProject
Project("{FAE04EC0-301F-11D3-BF4B-00C04F79EFBC}") = "Day19", "Day19\Day19.csproj", "{F78C87EA-8BB7-4179-A696-06AD4DF52E0B}"
EndProject
Project("{FAE04EC0-301F-11D3-BF4B-00C04F79EFBC}") = "Day20", "Day20\Day20.csproj", "{55EC37E8-5FA2-4307-96D4-0422AF54218C}"
EndProject
Project("{FAE04EC0-301F-11D3-BF4B-00C04F79EFBC}") = "Day21", "Day21\Day21.csproj", "{AE3AF5F9-EE22-4884-BA26-E49039C6206A}"
EndProject
Project("{FAE04EC0-301F-11D3-BF4B-00C04F79EFBC}") = "Day22", "Day22\Day22.csproj", "{5714B6E7-EF14-41C7-A984-221114B5E136}"
EndProject
Project("{FAE04EC0-301F-11D3-BF4B-00C04F79EFBC}") = "Day23", "Day23\Day23.csproj", "{91A06315-4517-4D60-88AE-0BDDFFA72CC2}"
EndProject
Project("{FAE04EC0-301F-11D3-BF4B-00C04F79EFBC}") = "Day24", "Day24\Day24.csproj", "{477E9EDA-A1BE-4E55-A7BC-A11BAAC2731E}"
EndProject
Project("{FAE04EC0-301F-11D3-BF4B-00C04F79EFBC}") = "Day25", "Day25\Day25.csproj", "{BFBB8B14-DCC0-40EF-85E9-45E45D16B611}"
EndProject
Project("{2150E333-8FDC-42A3-9474-1A3956D46DE8}") = "Solution Items", "Solution Items", "{95C7F9CF-8AB6-4C33-90D9-8587119E3516}"
	ProjectSection(SolutionItems) = preProject
		README.md = README.md
	EndProjectSection
EndProject
Global
	GlobalSection(SolutionConfigurationPlatforms) = preSolution
		Debug|Any CPU = Debug|Any CPU
		Release|Any CPU = Release|Any CPU
	EndGlobalSection
	GlobalSection(ProjectConfigurationPlatforms) = postSolution
		{4C3C5240-F0FF-40B6-A283-01F0A2153B92}.Debug|Any CPU.ActiveCfg = Debug|Any CPU
		{4C3C5240-F0FF-40B6-A283-01F0A2153B92}.Debug|Any CPU.Build.0 = Debug|Any CPU
		{4C3C5240-F0FF-40B6-A283-01F0A2153B92}.Release|Any CPU.ActiveCfg = Release|Any CPU
		{4C3C5240-F0FF-40B6-A283-01F0A2153B92}.Release|Any CPU.Build.0 = Release|Any CPU
		{35B4342C-C177-4904-9559-F60FED3CFEB4}.Debug|Any CPU.ActiveCfg = Debug|Any CPU
		{35B4342C-C177-4904-9559-F60FED3CFEB4}.Debug|Any CPU.Build.0 = Debug|Any CPU
		{35B4342C-C177-4904-9559-F60FED3CFEB4}.Release|Any CPU.ActiveCfg = Release|Any CPU
		{35B4342C-C177-4904-9559-F60FED3CFEB4}.Release|Any CPU.Build.0 = Release|Any CPU
		{4E6222B9-D75B-48A6-A4BA-565AF40AD9F8}.Debug|Any CPU.ActiveCfg = Debug|Any CPU
		{4E6222B9-D75B-48A6-A4BA-565AF40AD9F8}.Debug|Any CPU.Build.0 = Debug|Any CPU
		{4E6222B9-D75B-48A6-A4BA-565AF40AD9F8}.Release|Any CPU.ActiveCfg = Release|Any CPU
		{4E6222B9-D75B-48A6-A4BA-565AF40AD9F8}.Release|Any CPU.Build.0 = Release|Any CPU
		{919B2B7C-1E50-4F20-A445-A09188A98E87}.Debug|Any CPU.ActiveCfg = Debug|Any CPU
		{919B2B7C-1E50-4F20-A445-A09188A98E87}.Debug|Any CPU.Build.0 = Debug|Any CPU
		{919B2B7C-1E50-4F20-A445-A09188A98E87}.Release|Any CPU.ActiveCfg = Release|Any CPU
		{919B2B7C-1E50-4F20-A445-A09188A98E87}.Release|Any CPU.Build.0 = Release|Any CPU
		{9199770C-3F32-4767-9B27-EDA3F63D635E}.Debug|Any CPU.ActiveCfg = Debug|Any CPU
		{9199770C-3F32-4767-9B27-EDA3F63D635E}.Debug|Any CPU.Build.0 = Debug|Any CPU
		{9199770C-3F32-4767-9B27-EDA3F63D635E}.Release|Any CPU.ActiveCfg = Release|Any CPU
		{9199770C-3F32-4767-9B27-EDA3F63D635E}.Release|Any CPU.Build.0 = Release|Any CPU
		{0F995674-7192-46A3-9468-F9DE00916AEC}.Debug|Any CPU.ActiveCfg = Debug|Any CPU
		{0F995674-7192-46A3-9468-F9DE00916AEC}.Debug|Any CPU.Build.0 = Debug|Any CPU
		{0F995674-7192-46A3-9468-F9DE00916AEC}.Release|Any CPU.ActiveCfg = Release|Any CPU
		{0F995674-7192-46A3-9468-F9DE00916AEC}.Release|Any CPU.Build.0 = Release|Any CPU
		{F3D5D874-ED54-4A42-955D-5EC8946DE3E9}.Debug|Any CPU.ActiveCfg = Debug|Any CPU
		{F3D5D874-ED54-4A42-955D-5EC8946DE3E9}.Debug|Any CPU.Build.0 = Debug|Any CPU
		{F3D5D874-ED54-4A42-955D-5EC8946DE3E9}.Release|Any CPU.ActiveCfg = Release|Any CPU
		{F3D5D874-ED54-4A42-955D-5EC8946DE3E9}.Release|Any CPU.Build.0 = Release|Any CPU
		{EAB51E40-4005-428D-923D-1F6B65C4CE16}.Debug|Any CPU.ActiveCfg = Debug|Any CPU
		{EAB51E40-4005-428D-923D-1F6B65C4CE16}.Debug|Any CPU.Build.0 = Debug|Any CPU
		{EAB51E40-4005-428D-923D-1F6B65C4CE16}.Release|Any CPU.ActiveCfg = Release|Any CPU
		{EAB51E40-4005-428D-923D-1F6B65C4CE16}.Release|Any CPU.Build.0 = Release|Any CPU
		{76CCF983-AE92-4C95-AFFE-DED8C6C53D72}.Debug|Any CPU.ActiveCfg = Debug|Any CPU
		{76CCF983-AE92-4C95-AFFE-DED8C6C53D72}.Debug|Any CPU.Build.0 = Debug|Any CPU
		{76CCF983-AE92-4C95-AFFE-DED8C6C53D72}.Release|Any CPU.ActiveCfg = Release|Any CPU
		{76CCF983-AE92-4C95-AFFE-DED8C6C53D72}.Release|Any CPU.Build.0 = Release|Any CPU
		{0760C5E6-17E1-415E-9A8F-4B8FED8E3A59}.Debug|Any CPU.ActiveCfg = Debug|Any CPU
		{0760C5E6-17E1-415E-9A8F-4B8FED8E3A59}.Debug|Any CPU.Build.0 = Debug|Any CPU
		{0760C5E6-17E1-415E-9A8F-4B8FED8E3A59}.Release|Any CPU.ActiveCfg = Release|Any CPU
		{0760C5E6-17E1-415E-9A8F-4B8FED8E3A59}.Release|Any CPU.Build.0 = Release|Any CPU
		{B0BB9C9D-C4EE-4755-B5E0-AAE796EFA30A}.Debug|Any CPU.ActiveCfg = Debug|Any CPU
		{B0BB9C9D-C4EE-4755-B5E0-AAE796EFA30A}.Debug|Any CPU.Build.0 = Debug|Any CPU
		{B0BB9C9D-C4EE-4755-B5E0-AAE796EFA30A}.Release|Any CPU.ActiveCfg = Release|Any CPU
		{B0BB9C9D-C4EE-4755-B5E0-AAE796EFA30A}.Release|Any CPU.Build.0 = Release|Any CPU
		{F92BFB66-850E-4D5C-BB0E-0BF09F6F5C1F}.Debug|Any CPU.ActiveCfg = Debug|Any CPU
		{F92BFB66-850E-4D5C-BB0E-0BF09F6F5C1F}.Debug|Any CPU.Build.0 = Debug|Any CPU
		{F92BFB66-850E-4D5C-BB0E-0BF09F6F5C1F}.Release|Any CPU.ActiveCfg = Release|Any CPU
		{F92BFB66-850E-4D5C-BB0E-0BF09F6F5C1F}.Release|Any CPU.Build.0 = Release|Any CPU
		{50C775BC-E02E-4548-9C49-497ACA47E0A8}.Debug|Any CPU.ActiveCfg = Debug|Any CPU
		{50C775BC-E02E-4548-9C49-497ACA47E0A8}.Debug|Any CPU.Build.0 = Debug|Any CPU
		{50C775BC-E02E-4548-9C49-497ACA47E0A8}.Release|Any CPU.ActiveCfg = Release|Any CPU
		{50C775BC-E02E-4548-9C49-497ACA47E0A8}.Release|Any CPU.Build.0 = Release|Any CPU
		{9476513A-301A-4A0F-90E7-752898640612}.Debug|Any CPU.ActiveCfg = Debug|Any CPU
		{9476513A-301A-4A0F-90E7-752898640612}.Debug|Any CPU.Build.0 = Debug|Any CPU
		{9476513A-301A-4A0F-90E7-752898640612}.Release|Any CPU.ActiveCfg = Release|Any CPU
		{9476513A-301A-4A0F-90E7-752898640612}.Release|Any CPU.Build.0 = Release|Any CPU
		{DDA444C5-9BCF-4D41-9DCA-92AA7D0B0B8A}.Debug|Any CPU.ActiveCfg = Debug|Any CPU
		{DDA444C5-9BCF-4D41-9DCA-92AA7D0B0B8A}.Debug|Any CPU.Build.0 = Debug|Any CPU
		{DDA444C5-9BCF-4D41-9DCA-92AA7D0B0B8A}.Release|Any CPU.ActiveCfg = Release|Any CPU
		{DDA444C5-9BCF-4D41-9DCA-92AA7D0B0B8A}.Release|Any CPU.Build.0 = Release|Any CPU
		{42C2F9AA-1395-4BFD-AF1D-3C441AC0342E}.Debug|Any CPU.ActiveCfg = Debug|Any CPU
		{42C2F9AA-1395-4BFD-AF1D-3C441AC0342E}.Debug|Any CPU.Build.0 = Debug|Any CPU
		{42C2F9AA-1395-4BFD-AF1D-3C441AC0342E}.Release|Any CPU.ActiveCfg = Release|Any CPU
		{42C2F9AA-1395-4BFD-AF1D-3C441AC0342E}.Release|Any CPU.Build.0 = Release|Any CPU
		{21EBEE33-212E-44C7-9B21-9EFDD84C6327}.Debug|Any CPU.ActiveCfg = Debug|Any CPU
		{21EBEE33-212E-44C7-9B21-9EFDD84C6327}.Debug|Any CPU.Build.0 = Debug|Any CPU
		{21EBEE33-212E-44C7-9B21-9EFDD84C6327}.Release|Any CPU.ActiveCfg = Release|Any CPU
		{21EBEE33-212E-44C7-9B21-9EFDD84C6327}.Release|Any CPU.Build.0 = Release|Any CPU
		{E097C368-CF2F-4B7E-BA31-99D059F081D7}.Debug|Any CPU.ActiveCfg = Debug|Any CPU
		{E097C368-CF2F-4B7E-BA31-99D059F081D7}.Debug|Any CPU.Build.0 = Debug|Any CPU
		{E097C368-CF2F-4B7E-BA31-99D059F081D7}.Release|Any CPU.ActiveCfg = Release|Any CPU
		{E097C368-CF2F-4B7E-BA31-99D059F081D7}.Release|Any CPU.Build.0 = Release|Any CPU
		{F78C87EA-8BB7-4179-A696-06AD4DF52E0B}.Debug|Any CPU.ActiveCfg = Debug|Any CPU
		{F78C87EA-8BB7-4179-A696-06AD4DF52E0B}.Debug|Any CPU.Build.0 = Debug|Any CPU
		{F78C87EA-8BB7-4179-A696-06AD4DF52E0B}.Release|Any CPU.ActiveCfg = Release|Any CPU
		{F78C87EA-8BB7-4179-A696-06AD4DF52E0B}.Release|Any CPU.Build.0 = Release|Any CPU
		{55EC37E8-5FA2-4307-96D4-0422AF54218C}.Debug|Any CPU.ActiveCfg = Debug|Any CPU
		{55EC37E8-5FA2-4307-96D4-0422AF54218C}.Debug|Any CPU.Build.0 = Debug|Any CPU
		{55EC37E8-5FA2-4307-96D4-0422AF54218C}.Release|Any CPU.ActiveCfg = Release|Any CPU
		{55EC37E8-5FA2-4307-96D4-0422AF54218C}.Release|Any CPU.Build.0 = Release|Any CPU
		{AE3AF5F9-EE22-4884-BA26-E49039C6206A}.Debug|Any CPU.ActiveCfg = Debug|Any CPU
		{AE3AF5F9-EE22-4884-BA26-E49039C6206A}.Debug|Any CPU.Build.0 = Debug|Any CPU
		{AE3AF5F9-EE22-4884-BA26-E49039C6206A}.Release|Any CPU.ActiveCfg = Release|Any CPU
		{AE3AF5F9-EE22-4884-BA26-E49039C6206A}.Release|Any CPU.Build.0 = Release|Any CPU
		{5714B6E7-EF14-41C7-A984-221114B5E136}.Debug|Any CPU.ActiveCfg = Debug|Any CPU
		{5714B6E7-EF14-41C7-A984-221114B5E136}.Debug|Any CPU.Build.0 = Debug|Any CPU
		{5714B6E7-EF14-41C7-A984-221114B5E136}.Release|Any CPU.ActiveCfg = Release|Any CPU
		{5714B6E7-EF14-41C7-A984-221114B5E136}.Release|Any CPU.Build.0 = Release|Any CPU
		{91A06315-4517-4D60-88AE-0BDDFFA72CC2}.Debug|Any CPU.ActiveCfg = Debug|Any CPU
		{91A06315-4517-4D60-88AE-0BDDFFA72CC2}.Debug|Any CPU.Build.0 = Debug|Any CPU
		{91A06315-4517-4D60-88AE-0BDDFFA72CC2}.Release|Any CPU.ActiveCfg = Release|Any CPU
		{91A06315-4517-4D60-88AE-0BDDFFA72CC2}.Release|Any CPU.Build.0 = Release|Any CPU
		{477E9EDA-A1BE-4E55-A7BC-A11BAAC2731E}.Debug|Any CPU.ActiveCfg = Debug|Any CPU
		{477E9EDA-A1BE-4E55-A7BC-A11BAAC2731E}.Debug|Any CPU.Build.0 = Debug|Any CPU
		{477E9EDA-A1BE-4E55-A7BC-A11BAAC2731E}.Release|Any CPU.ActiveCfg = Release|Any CPU
		{477E9EDA-A1BE-4E55-A7BC-A11BAAC2731E}.Release|Any CPU.Build.0 = Release|Any CPU
		{BFBB8B14-DCC0-40EF-85E9-45E45D16B611}.Debug|Any CPU.ActiveCfg = Debug|Any CPU
		{BFBB8B14-DCC0-40EF-85E9-45E45D16B611}.Debug|Any CPU.Build.0 = Debug|Any CPU
		{BFBB8B14-DCC0-40EF-85E9-45E45D16B611}.Release|Any CPU.ActiveCfg = Release|Any CPU
		{BFBB8B14-DCC0-40EF-85E9-45E45D16B611}.Release|Any CPU.Build.0 = Release|Any CPU
	EndGlobalSection
	GlobalSection(SolutionProperties) = preSolution
		HideSolutionNode = FALSE
	EndGlobalSection
	GlobalSection(ExtensibilityGlobals) = postSolution
		SolutionGuid = {DCF2E809-FAB4-4954-BDBC-54F4EBC5D41B}
	EndGlobalSection
EndGlobal
